
Microsoft Visual Studio Solution File, Format Version 12.00
# Visual Studio 15
VisualStudioVersion = 15.0.26124.0
MinimumVisualStudioVersion = 15.0.26124.0
Project("{FAE04EC0-301F-11D3-BF4B-00C04F79EFBC}") = "Algorithm_CSharp", "algorithm\Algorithm_CSharp.csproj", "{311761EC-2CD8-47FC-B570-43293E57A8D5}"
EndProject
Project("{FAE04EC0-301F-11D3-BF4B-00C04F79EFBC}") = "Algorithm_CSharp.Launcher", "launcher\Algorithm_CSharp.Launcher.csproj", "{AC038355-FCCD-49CA-8C12-932027FE3E7A}"
EndProject
Global
	GlobalSection(SolutionConfigurationPlatforms) = preSolution
		Debug|Any CPU = Debug|Any CPU
		Debug|x64 = Debug|x64
		Debug|x86 = Debug|x86
		Release|Any CPU = Release|Any CPU
		Release|x64 = Release|x64
		Release|x86 = Release|x86
	EndGlobalSection
	GlobalSection(SolutionProperties) = preSolution
		HideSolutionNode = FALSE
	EndGlobalSection
	GlobalSection(ProjectConfigurationPlatforms) = postSolution
		{311761EC-2CD8-47FC-B570-43293E57A8D5}.Debug|Any CPU.ActiveCfg = Debug|Any CPU
		{311761EC-2CD8-47FC-B570-43293E57A8D5}.Debug|Any CPU.Build.0 = Debug|Any CPU
		{311761EC-2CD8-47FC-B570-43293E57A8D5}.Debug|x64.ActiveCfg = Debug|Any CPU
		{311761EC-2CD8-47FC-B570-43293E57A8D5}.Debug|x64.Build.0 = Debug|Any CPU
		{311761EC-2CD8-47FC-B570-43293E57A8D5}.Debug|x86.ActiveCfg = Debug|Any CPU
		{311761EC-2CD8-47FC-B570-43293E57A8D5}.Debug|x86.Build.0 = Debug|Any CPU
		{311761EC-2CD8-47FC-B570-43293E57A8D5}.Release|Any CPU.ActiveCfg = Release|Any CPU
		{311761EC-2CD8-47FC-B570-43293E57A8D5}.Release|Any CPU.Build.0 = Release|Any CPU
		{311761EC-2CD8-47FC-B570-43293E57A8D5}.Release|x64.ActiveCfg = Release|Any CPU
		{311761EC-2CD8-47FC-B570-43293E57A8D5}.Release|x64.Build.0 = Release|Any CPU
		{311761EC-2CD8-47FC-B570-43293E57A8D5}.Release|x86.ActiveCfg = Release|Any CPU
		{311761EC-2CD8-47FC-B570-43293E57A8D5}.Release|x86.Build.0 = Release|Any CPU
		{AC038355-FCCD-49CA-8C12-932027FE3E7A}.Debug|Any CPU.ActiveCfg = Debug|Any CPU
		{AC038355-FCCD-49CA-8C12-932027FE3E7A}.Debug|Any CPU.Build.0 = Debug|Any CPU
		{AC038355-FCCD-49CA-8C12-932027FE3E7A}.Debug|x64.ActiveCfg = Debug|Any CPU
		{AC038355-FCCD-49CA-8C12-932027FE3E7A}.Debug|x64.Build.0 = Debug|Any CPU
		{AC038355-FCCD-49CA-8C12-932027FE3E7A}.Debug|x86.ActiveCfg = Debug|Any CPU
		{AC038355-FCCD-49CA-8C12-932027FE3E7A}.Debug|x86.Build.0 = Debug|Any CPU
		{AC038355-FCCD-49CA-8C12-932027FE3E7A}.Release|Any CPU.ActiveCfg = Release|Any CPU
		{AC038355-FCCD-49CA-8C12-932027FE3E7A}.Release|Any CPU.Build.0 = Release|Any CPU
		{AC038355-FCCD-49CA-8C12-932027FE3E7A}.Release|x64.ActiveCfg = Release|Any CPU
		{AC038355-FCCD-49CA-8C12-932027FE3E7A}.Release|x64.Build.0 = Release|Any CPU
		{AC038355-FCCD-49CA-8C12-932027FE3E7A}.Release|x86.ActiveCfg = Release|Any CPU
		{AC038355-FCCD-49CA-8C12-932027FE3E7A}.Release|x86.Build.0 = Release|Any CPU
	EndGlobalSection
EndGlobal
